
Microsoft Visual Studio Solution File, Format Version 12.00
# Visual Studio Version 17
VisualStudioVersion = 17.7.34221.43
MinimumVisualStudioVersion = 10.0.40219.1
Project("{8BC9CEB8-8B4A-11D0-8D11-00A0C91BC942}") = "Animals", "Animals.vcxproj", "{15C80CF4-2340-45BE-A92E-12BD4516360B}"
EndProject
Global
	GlobalSection(SolutionConfigurationPlatforms) = preSolution
		Debug|x64 = Debug|x64
		Debug|x86 = Debug|x86
		Release|x64 = Release|x64
		Release|x86 = Release|x86
	EndGlobalSection
	GlobalSection(ProjectConfigurationPlatforms) = postSolution
		{15C80CF4-2340-45BE-A92E-12BD4516360B}.Debug|x64.ActiveCfg = Debug|x64
		{15C80CF4-2340-45BE-A92E-12BD4516360B}.Debug|x64.Build.0 = Debug|x64
		{15C80CF4-2340-45BE-A92E-12BD4516360B}.Debug|x86.ActiveCfg = Debug|Win32
		{15C80CF4-2340-45BE-A92E-12BD4516360B}.Debug|x86.Build.0 = Debug|Win32
		{15C80CF4-2340-45BE-A92E-12BD4516360B}.Release|x64.ActiveCfg = Release|x64
		{15C80CF4-2340-45BE-A92E-12BD4516360B}.Release|x64.Build.0 = Release|x64
		{15C80CF4-2340-45BE-A92E-12BD4516360B}.Release|x86.ActiveCfg = Release|Win32
		{15C80CF4-2340-45BE-A92E-12BD4516360B}.Release|x86.Build.0 = Release|Win32
	EndGlobalSection
	GlobalSection(SolutionProperties) = preSolution
		HideSolutionNode = FALSE
	EndGlobalSection
	GlobalSection(ExtensibilityGlobals) = postSolution
		SolutionGuid = {2F1CD389-7DB7-4F98-8988-2B9602FB0D42}
	EndGlobalSection
EndGlobal
